{
    "_readme": [
        "This file locks the dependencies of your project to a known state",
        "Read more about it at https://getcomposer.org/doc/01-basic-usage.md#installing-dependencies",
        "This file is @generated automatically"
    ],
    "content-hash": "bf3459545f94e59b87d5f8c29a1950c9",
    "packages": [
        {
            "name": "eriveeu/delivery-api-client",
            "version": "v0.1.1",
            "source": {
                "type": "git",
                "url": "https://github.com/eriveeu/delivery-api-client-php.git",
                "reference": "ce9182d561c1cf918d479f68f4c958626d6e3c01"
            },
            "dist": {
                "type": "zip",
                "url": "https://api.github.com/repos/eriveeu/delivery-api-client-php/zipball/ce9182d561c1cf918d479f68f4c958626d6e3c01",
                "reference": "ce9182d561c1cf918d479f68f4c958626d6e3c01",
                "shasum": ""
            },
            "require": {
                "ext-curl": "*",
                "ext-json": "*",
                "ext-mbstring": "*",
                "guzzlehttp/guzzle": "^7.3",
                "guzzlehttp/psr7": "^1.7 || ^2.0",
                "php": "^7.4 || ^8.0"
            },
            "require-dev": {
                "friendsofphp/php-cs-fixer": "^3.5",
                "phpunit/phpunit": "^8.0 || ^9.0"
            },
            "type": "library",
            "autoload": {
                "psr-4": {
                    "Erive\\Delivery\\": "lib/"
                }
            },
            "autoload-dev": {
                "psr-4": {
                    "Erive\\Delivery\\Test\\": "test/"
                }
            },
            "license": [
                "unlicense"
            ],
            "authors": [
                {
                    "name": "ERIVE GmbH",
                    "homepage": "https://www.erive.eu"
                }
            ],
            "description": "ERIVE.delivery (formerly GREEN TO HOME) API",
            "homepage": "https://openapi-generator.tech",
            "keywords": [
                "api",
                "openapi",
                "openapi-generator",
                "openapitools",
                "php",
                "rest",
                "sdk"
            ],
            "support": {
                "source": "https://github.com/eriveeu/delivery-api-client-php/tree/v0.1.1",
                "issues": "https://github.com/eriveeu/delivery-api-client-php/issues"
            },
            "time": "2023-09-21T08:15:40+00:00"
        }
    ],
    "packages-dev": [],
    "aliases": [],
    "minimum-stability": "stable",
    "stability-flags": [],
    "prefer-stable": false,
    "prefer-lowest": false,
    "platform": {
        "php": ">= 7.4"
    },
    "platform-dev": [],
    "plugin-api-version": "2.6.0"
}
